dependencies:
- name: postgresql
  repository: https://charts.bitnami.com/bitnami
  version: 11.1.13
- name: redis
  repository: https://charts.bitnami.com/bitnami
  version: 16.3.0
digest: sha256:9cd8e147b299760879d408a45e861a3c8f2233ab9ed78e7210328334bf757307
generated: "2022-04-05T20:53:45.350404+03:00"
