dependencies:
- name: postgresql
  repository: https://charts.bitnami.com/bitnami
  version: 10.12.7
- name: redis
  repository: https://charts.bitnami.com/bitnami
  version: 16.3.0
digest: sha256:3e2052b7502cfdb460e35fe5dafcf3e5198575dcbd66b91d8b65491d340050e4
generated: "2022-04-02T12:10:42.435871+03:00"
